
Microsoft Visual Studio Solution File, Format Version 12.00
# Visual Studio Version 16
VisualStudioVersion = 16.0.31911.196
MinimumVisualStudioVersion = 10.0.40219.1
Project("{FAE04EC0-301F-11D3-BF4B-00C04F79EFBC}") = "Tarea28_U4B", "Tarea28_U4B\Tarea28_U4B.csproj", "{297E0B02-131C-4B12-B513-45D854C9A419}"
EndProject
Global
	GlobalSection(SolutionConfigurationPlatforms) = preSolution
		Debug|Any CPU = Debug|Any CPU
		Release|Any CPU = Release|Any CPU
	EndGlobalSection
	GlobalSection(ProjectConfigurationPlatforms) = postSolution
		{297E0B02-131C-4B12-B513-45D854C9A419}.Debug|Any CPU.ActiveCfg = Debug|Any CPU
		{297E0B02-131C-4B12-B513-45D854C9A419}.Debug|Any CPU.Build.0 = Debug|Any CPU
		{297E0B02-131C-4B12-B513-45D854C9A419}.Release|Any CPU.ActiveCfg = Release|Any CPU
		{297E0B02-131C-4B12-B513-45D854C9A419}.Release|Any CPU.Build.0 = Release|Any CPU
	EndGlobalSection
	GlobalSection(SolutionProperties) = preSolution
		HideSolutionNode = FALSE
	EndGlobalSection
	GlobalSection(ExtensibilityGlobals) = postSolution
		SolutionGuid = {92E818E2-A83A-4D1B-8545-E30C99FB681B}
	EndGlobalSection
EndGlobal
