
Microsoft Visual Studio Solution File, Format Version 12.00
# Visual Studio Version 16
VisualStudioVersion = 16.0.31911.196
MinimumVisualStudioVersion = 10.0.40219.1
Project("{FAE04EC0-301F-11D3-BF4B-00C04F79EFBC}") = "Tarea_15", "Tarea_15\Tarea_15.csproj", "{2A993044-5290-484F-B2B2-15AE17067E7D}"
EndProject
Global
	GlobalSection(SolutionConfigurationPlatforms) = preSolution
		Debug|Any CPU = Debug|Any CPU
		Release|Any CPU = Release|Any CPU
	EndGlobalSection
	GlobalSection(ProjectConfigurationPlatforms) = postSolution
		{2A993044-5290-484F-B2B2-15AE17067E7D}.Debug|Any CPU.ActiveCfg = Debug|Any CPU
		{2A993044-5290-484F-B2B2-15AE17067E7D}.Debug|Any CPU.Build.0 = Debug|Any CPU
		{2A993044-5290-484F-B2B2-15AE17067E7D}.Release|Any CPU.ActiveCfg = Release|Any CPU
		{2A993044-5290-484F-B2B2-15AE17067E7D}.Release|Any CPU.Build.0 = Release|Any CPU
	EndGlobalSection
	GlobalSection(SolutionProperties) = preSolution
		HideSolutionNode = FALSE
	EndGlobalSection
	GlobalSection(ExtensibilityGlobals) = postSolution
		SolutionGuid = {FF82FE55-D104-41CA-85DE-C80AAC751E55}
	EndGlobalSection
EndGlobal
