
Microsoft Visual Studio Solution File, Format Version 12.00
# Visual Studio Version 16
VisualStudioVersion = 16.0.31729.503
MinimumVisualStudioVersion = 10.0.40219.1
Project("{FAE04EC0-301F-11D3-BF4B-00C04F79EFBC}") = "EjerciciosPractica_1", "EjerciciosPractica_1\EjerciciosPractica_1.csproj", "{58B11004-1C78-453A-ADAE-3A6972D301F6}"
EndProject
Global
	GlobalSection(SolutionConfigurationPlatforms) = preSolution
		Debug|Any CPU = Debug|Any CPU
		Release|Any CPU = Release|Any CPU
	EndGlobalSection
	GlobalSection(ProjectConfigurationPlatforms) = postSolution
		{58B11004-1C78-453A-ADAE-3A6972D301F6}.Debug|Any CPU.ActiveCfg = Debug|Any CPU
		{58B11004-1C78-453A-ADAE-3A6972D301F6}.Debug|Any CPU.Build.0 = Debug|Any CPU
		{58B11004-1C78-453A-ADAE-3A6972D301F6}.Release|Any CPU.ActiveCfg = Release|Any CPU
		{58B11004-1C78-453A-ADAE-3A6972D301F6}.Release|Any CPU.Build.0 = Release|Any CPU
	EndGlobalSection
	GlobalSection(SolutionProperties) = preSolution
		HideSolutionNode = FALSE
	EndGlobalSection
	GlobalSection(ExtensibilityGlobals) = postSolution
		SolutionGuid = {5D53CC0A-169F-495E-80BA-AB29B2485076}
	EndGlobalSection
EndGlobal
