
Microsoft Visual Studio Solution File, Format Version 12.00
# Visual Studio Version 16
VisualStudioVersion = 16.0.31729.503
MinimumVisualStudioVersion = 10.0.40219.1
Project("{FAE04EC0-301F-11D3-BF4B-00C04F79EFBC}") = "TareaDeRepaso_10", "TareaDeRepaso_10\TareaDeRepaso_10.csproj", "{B887E805-3F66-4B6B-8FFF-B174210A93D9}"
EndProject
Global
	GlobalSection(SolutionConfigurationPlatforms) = preSolution
		Debug|Any CPU = Debug|Any CPU
		Release|Any CPU = Release|Any CPU
	EndGlobalSection
	GlobalSection(ProjectConfigurationPlatforms) = postSolution
		{B887E805-3F66-4B6B-8FFF-B174210A93D9}.Debug|Any CPU.ActiveCfg = Debug|Any CPU
		{B887E805-3F66-4B6B-8FFF-B174210A93D9}.Debug|Any CPU.Build.0 = Debug|Any CPU
		{B887E805-3F66-4B6B-8FFF-B174210A93D9}.Release|Any CPU.ActiveCfg = Release|Any CPU
		{B887E805-3F66-4B6B-8FFF-B174210A93D9}.Release|Any CPU.Build.0 = Release|Any CPU
	EndGlobalSection
	GlobalSection(SolutionProperties) = preSolution
		HideSolutionNode = FALSE
	EndGlobalSection
	GlobalSection(ExtensibilityGlobals) = postSolution
		SolutionGuid = {83E9C4FE-5263-4097-AC37-494EADB13B20}
	EndGlobalSection
EndGlobal
