
Microsoft Visual Studio Solution File, Format Version 12.00
# Visual Studio Version 16
VisualStudioVersion = 16.0.31729.503
MinimumVisualStudioVersion = 10.0.40219.1
Project("{FAE04EC0-301F-11D3-BF4B-00C04F79EFBC}") = "TareaDeRepaso_17", "TareaDeRepaso_17\TareaDeRepaso_17.csproj", "{195B4833-26BF-4E2D-8EDE-2327FADFDF71}"
EndProject
Global
	GlobalSection(SolutionConfigurationPlatforms) = preSolution
		Debug|Any CPU = Debug|Any CPU
		Release|Any CPU = Release|Any CPU
	EndGlobalSection
	GlobalSection(ProjectConfigurationPlatforms) = postSolution
		{195B4833-26BF-4E2D-8EDE-2327FADFDF71}.Debug|Any CPU.ActiveCfg = Debug|Any CPU
		{195B4833-26BF-4E2D-8EDE-2327FADFDF71}.Debug|Any CPU.Build.0 = Debug|Any CPU
		{195B4833-26BF-4E2D-8EDE-2327FADFDF71}.Release|Any CPU.ActiveCfg = Release|Any CPU
		{195B4833-26BF-4E2D-8EDE-2327FADFDF71}.Release|Any CPU.Build.0 = Release|Any CPU
	EndGlobalSection
	GlobalSection(SolutionProperties) = preSolution
		HideSolutionNode = FALSE
	EndGlobalSection
	GlobalSection(ExtensibilityGlobals) = postSolution
		SolutionGuid = {8FB7628D-A47C-4D8B-8B00-3F33170BEE24}
	EndGlobalSection
EndGlobal
