
Microsoft Visual Studio Solution File, Format Version 12.00
# Visual Studio Version 16
VisualStudioVersion = 16.0.31729.503
MinimumVisualStudioVersion = 10.0.40219.1
Project("{FAE04EC0-301F-11D3-BF4B-00C04F79EFBC}") = "Tarea10_Unidad3", "Tarea10_Unidad3\Tarea10_Unidad3.csproj", "{027247EE-0CB3-4128-968C-FD1E71CD1850}"
EndProject
Global
	GlobalSection(SolutionConfigurationPlatforms) = preSolution
		Debug|Any CPU = Debug|Any CPU
		Release|Any CPU = Release|Any CPU
	EndGlobalSection
	GlobalSection(ProjectConfigurationPlatforms) = postSolution
		{027247EE-0CB3-4128-968C-FD1E71CD1850}.Debug|Any CPU.ActiveCfg = Debug|Any CPU
		{027247EE-0CB3-4128-968C-FD1E71CD1850}.Debug|Any CPU.Build.0 = Debug|Any CPU
		{027247EE-0CB3-4128-968C-FD1E71CD1850}.Release|Any CPU.ActiveCfg = Release|Any CPU
		{027247EE-0CB3-4128-968C-FD1E71CD1850}.Release|Any CPU.Build.0 = Release|Any CPU
	EndGlobalSection
	GlobalSection(SolutionProperties) = preSolution
		HideSolutionNode = FALSE
	EndGlobalSection
	GlobalSection(ExtensibilityGlobals) = postSolution
		SolutionGuid = {60B6771D-03FE-4FFA-8C8A-D22D07740188}
	EndGlobalSection
EndGlobal
