
Microsoft Visual Studio Solution File, Format Version 12.00
# Visual Studio Version 16
VisualStudioVersion = 16.0.31729.503
MinimumVisualStudioVersion = 10.0.40219.1
Project("{FAE04EC0-301F-11D3-BF4B-00C04F79EFBC}") = "TareaMetodo_10", "TareaMetodo_10\TareaMetodo_10.csproj", "{732F5E97-3702-4DF8-8F39-7EEA7EC94768}"
EndProject
Global
	GlobalSection(SolutionConfigurationPlatforms) = preSolution
		Debug|Any CPU = Debug|Any CPU
		Release|Any CPU = Release|Any CPU
	EndGlobalSection
	GlobalSection(ProjectConfigurationPlatforms) = postSolution
		{732F5E97-3702-4DF8-8F39-7EEA7EC94768}.Debug|Any CPU.ActiveCfg = Debug|Any CPU
		{732F5E97-3702-4DF8-8F39-7EEA7EC94768}.Debug|Any CPU.Build.0 = Debug|Any CPU
		{732F5E97-3702-4DF8-8F39-7EEA7EC94768}.Release|Any CPU.ActiveCfg = Release|Any CPU
		{732F5E97-3702-4DF8-8F39-7EEA7EC94768}.Release|Any CPU.Build.0 = Release|Any CPU
	EndGlobalSection
	GlobalSection(SolutionProperties) = preSolution
		HideSolutionNode = FALSE
	EndGlobalSection
	GlobalSection(ExtensibilityGlobals) = postSolution
		SolutionGuid = {B35B1C21-F410-43AB-AB31-ED2E350C91A6}
	EndGlobalSection
EndGlobal
