
Microsoft Visual Studio Solution File, Format Version 12.00
# Visual Studio Version 16
VisualStudioVersion = 16.0.31729.503
MinimumVisualStudioVersion = 10.0.40219.1
Project("{FAE04EC0-301F-11D3-BF4B-00C04F79EFBC}") = "Tarea03_Unidad3", "Tarea03_Unidad3\Tarea03_Unidad3.csproj", "{B2C7F15D-2E4B-4B7D-B8B6-25E54E4A4B1B}"
EndProject
Global
	GlobalSection(SolutionConfigurationPlatforms) = preSolution
		Debug|Any CPU = Debug|Any CPU
		Release|Any CPU = Release|Any CPU
	EndGlobalSection
	GlobalSection(ProjectConfigurationPlatforms) = postSolution
		{B2C7F15D-2E4B-4B7D-B8B6-25E54E4A4B1B}.Debug|Any CPU.ActiveCfg = Debug|Any CPU
		{B2C7F15D-2E4B-4B7D-B8B6-25E54E4A4B1B}.Debug|Any CPU.Build.0 = Debug|Any CPU
		{B2C7F15D-2E4B-4B7D-B8B6-25E54E4A4B1B}.Release|Any CPU.ActiveCfg = Release|Any CPU
		{B2C7F15D-2E4B-4B7D-B8B6-25E54E4A4B1B}.Release|Any CPU.Build.0 = Release|Any CPU
	EndGlobalSection
	GlobalSection(SolutionProperties) = preSolution
		HideSolutionNode = FALSE
	EndGlobalSection
	GlobalSection(ExtensibilityGlobals) = postSolution
		SolutionGuid = {3757EC1A-A1E9-4003-A0F7-F751233144C7}
	EndGlobalSection
EndGlobal
