
Microsoft Visual Studio Solution File, Format Version 12.00
# Visual Studio Version 16
VisualStudioVersion = 16.0.31911.196
MinimumVisualStudioVersion = 10.0.40219.1
Project("{FAE04EC0-301F-11D3-BF4B-00C04F79EFBC}") = "Metodos_Arreglos", "Metodos_Arreglos\Metodos_Arreglos.csproj", "{A089D84F-EB33-4EAD-AC8E-24C9FCF0DC76}"
EndProject
Global
	GlobalSection(SolutionConfigurationPlatforms) = preSolution
		Debug|Any CPU = Debug|Any CPU
		Release|Any CPU = Release|Any CPU
	EndGlobalSection
	GlobalSection(ProjectConfigurationPlatforms) = postSolution
		{A089D84F-EB33-4EAD-AC8E-24C9FCF0DC76}.Debug|Any CPU.ActiveCfg = Debug|Any CPU
		{A089D84F-EB33-4EAD-AC8E-24C9FCF0DC76}.Debug|Any CPU.Build.0 = Debug|Any CPU
		{A089D84F-EB33-4EAD-AC8E-24C9FCF0DC76}.Release|Any CPU.ActiveCfg = Release|Any CPU
		{A089D84F-EB33-4EAD-AC8E-24C9FCF0DC76}.Release|Any CPU.Build.0 = Release|Any CPU
	EndGlobalSection
	GlobalSection(SolutionProperties) = preSolution
		HideSolutionNode = FALSE
	EndGlobalSection
	GlobalSection(ExtensibilityGlobals) = postSolution
		SolutionGuid = {54CB49A9-1FD8-4856-AF0B-B6133B6D60A9}
	EndGlobalSection
EndGlobal
