
Microsoft Visual Studio Solution File, Format Version 12.00
# Visual Studio Version 16
VisualStudioVersion = 16.0.31729.503
MinimumVisualStudioVersion = 10.0.40219.1
Project("{FAE04EC0-301F-11D3-BF4B-00C04F79EFBC}") = "RepasoPrueba_if_1.1.1", "RepasoPrueba_if_1.1.1\RepasoPrueba_if_1.1.1.csproj", "{DA3CDB10-6426-4CA2-AC07-C36EFCC331C8}"
EndProject
Global
	GlobalSection(SolutionConfigurationPlatforms) = preSolution
		Debug|Any CPU = Debug|Any CPU
		Release|Any CPU = Release|Any CPU
	EndGlobalSection
	GlobalSection(ProjectConfigurationPlatforms) = postSolution
		{DA3CDB10-6426-4CA2-AC07-C36EFCC331C8}.Debug|Any CPU.ActiveCfg = Debug|Any CPU
		{DA3CDB10-6426-4CA2-AC07-C36EFCC331C8}.Debug|Any CPU.Build.0 = Debug|Any CPU
		{DA3CDB10-6426-4CA2-AC07-C36EFCC331C8}.Release|Any CPU.ActiveCfg = Release|Any CPU
		{DA3CDB10-6426-4CA2-AC07-C36EFCC331C8}.Release|Any CPU.Build.0 = Release|Any CPU
	EndGlobalSection
	GlobalSection(SolutionProperties) = preSolution
		HideSolutionNode = FALSE
	EndGlobalSection
	GlobalSection(ExtensibilityGlobals) = postSolution
		SolutionGuid = {5450E51F-B836-4357-8250-8690E4E31E3E}
	EndGlobalSection
EndGlobal
