
Microsoft Visual Studio Solution File, Format Version 12.00
# Visual Studio Version 16
VisualStudioVersion = 16.0.31729.503
MinimumVisualStudioVersion = 10.0.40219.1
Project("{FAE04EC0-301F-11D3-BF4B-00C04F79EFBC}") = "TareaDeRepaso_18", "TareaDeRepaso_18\TareaDeRepaso_18.csproj", "{4676FB4B-CB59-404F-8F3D-1B00BF70B7DC}"
EndProject
Global
	GlobalSection(SolutionConfigurationPlatforms) = preSolution
		Debug|Any CPU = Debug|Any CPU
		Release|Any CPU = Release|Any CPU
	EndGlobalSection
	GlobalSection(ProjectConfigurationPlatforms) = postSolution
		{4676FB4B-CB59-404F-8F3D-1B00BF70B7DC}.Debug|Any CPU.ActiveCfg = Debug|Any CPU
		{4676FB4B-CB59-404F-8F3D-1B00BF70B7DC}.Debug|Any CPU.Build.0 = Debug|Any CPU
		{4676FB4B-CB59-404F-8F3D-1B00BF70B7DC}.Release|Any CPU.ActiveCfg = Release|Any CPU
		{4676FB4B-CB59-404F-8F3D-1B00BF70B7DC}.Release|Any CPU.Build.0 = Release|Any CPU
	EndGlobalSection
	GlobalSection(SolutionProperties) = preSolution
		HideSolutionNode = FALSE
	EndGlobalSection
	GlobalSection(ExtensibilityGlobals) = postSolution
		SolutionGuid = {534882A5-B003-497D-8BBC-D527344AC61A}
	EndGlobalSection
EndGlobal
