
Microsoft Visual Studio Solution File, Format Version 12.00
# Visual Studio Version 16
VisualStudioVersion = 16.0.31911.196
MinimumVisualStudioVersion = 10.0.40219.1
Project("{FAE04EC0-301F-11D3-BF4B-00C04F79EFBC}") = "RepasoPruebaBimestre2ArreglosUni", "RepasoPruebaBimestre2ArreglosUni\RepasoPruebaBimestre2ArreglosUni.csproj", "{680CAE3F-C06E-4809-B570-64BC22234399}"
EndProject
Global
	GlobalSection(SolutionConfigurationPlatforms) = preSolution
		Debug|Any CPU = Debug|Any CPU
		Release|Any CPU = Release|Any CPU
	EndGlobalSection
	GlobalSection(ProjectConfigurationPlatforms) = postSolution
		{680CAE3F-C06E-4809-B570-64BC22234399}.Debug|Any CPU.ActiveCfg = Debug|Any CPU
		{680CAE3F-C06E-4809-B570-64BC22234399}.Debug|Any CPU.Build.0 = Debug|Any CPU
		{680CAE3F-C06E-4809-B570-64BC22234399}.Release|Any CPU.ActiveCfg = Release|Any CPU
		{680CAE3F-C06E-4809-B570-64BC22234399}.Release|Any CPU.Build.0 = Release|Any CPU
	EndGlobalSection
	GlobalSection(SolutionProperties) = preSolution
		HideSolutionNode = FALSE
	EndGlobalSection
	GlobalSection(ExtensibilityGlobals) = postSolution
		SolutionGuid = {CDA98D49-A52C-49D0-A307-B85622162048}
	EndGlobalSection
EndGlobal
