
Microsoft Visual Studio Solution File, Format Version 12.00
# Visual Studio Version 16
VisualStudioVersion = 16.0.31729.503
MinimumVisualStudioVersion = 10.0.40219.1
Project("{FAE04EC0-301F-11D3-BF4B-00C04F79EFBC}") = "TareaDeRepaso_6", "TareaDeRepaso_6\TareaDeRepaso_6.csproj", "{78EA9387-DC30-42F6-BF05-6DA1C415AB3E}"
EndProject
Global
	GlobalSection(SolutionConfigurationPlatforms) = preSolution
		Debug|Any CPU = Debug|Any CPU
		Release|Any CPU = Release|Any CPU
	EndGlobalSection
	GlobalSection(ProjectConfigurationPlatforms) = postSolution
		{78EA9387-DC30-42F6-BF05-6DA1C415AB3E}.Debug|Any CPU.ActiveCfg = Debug|Any CPU
		{78EA9387-DC30-42F6-BF05-6DA1C415AB3E}.Debug|Any CPU.Build.0 = Debug|Any CPU
		{78EA9387-DC30-42F6-BF05-6DA1C415AB3E}.Release|Any CPU.ActiveCfg = Release|Any CPU
		{78EA9387-DC30-42F6-BF05-6DA1C415AB3E}.Release|Any CPU.Build.0 = Release|Any CPU
	EndGlobalSection
	GlobalSection(SolutionProperties) = preSolution
		HideSolutionNode = FALSE
	EndGlobalSection
	GlobalSection(ExtensibilityGlobals) = postSolution
		SolutionGuid = {2EB7516E-FE57-4754-B944-B5531D8E0D97}
	EndGlobalSection
EndGlobal
