
Microsoft Visual Studio Solution File, Format Version 12.00
# Visual Studio Version 16
VisualStudioVersion = 16.0.31729.503
MinimumVisualStudioVersion = 10.0.40219.1
Project("{FAE04EC0-301F-11D3-BF4B-00C04F79EFBC}") = "Tarea06_Unidad3", "Tarea06_Unidad3\Tarea06_Unidad3.csproj", "{2A69B80D-5979-4B6E-94C8-DF33BC25CBEE}"
EndProject
Global
	GlobalSection(SolutionConfigurationPlatforms) = preSolution
		Debug|Any CPU = Debug|Any CPU
		Release|Any CPU = Release|Any CPU
	EndGlobalSection
	GlobalSection(ProjectConfigurationPlatforms) = postSolution
		{2A69B80D-5979-4B6E-94C8-DF33BC25CBEE}.Debug|Any CPU.ActiveCfg = Debug|Any CPU
		{2A69B80D-5979-4B6E-94C8-DF33BC25CBEE}.Debug|Any CPU.Build.0 = Debug|Any CPU
		{2A69B80D-5979-4B6E-94C8-DF33BC25CBEE}.Release|Any CPU.ActiveCfg = Release|Any CPU
		{2A69B80D-5979-4B6E-94C8-DF33BC25CBEE}.Release|Any CPU.Build.0 = Release|Any CPU
	EndGlobalSection
	GlobalSection(SolutionProperties) = preSolution
		HideSolutionNode = FALSE
	EndGlobalSection
	GlobalSection(ExtensibilityGlobals) = postSolution
		SolutionGuid = {1496591E-40FE-4B01-AF69-BF2F482579B9}
	EndGlobalSection
EndGlobal
