
Microsoft Visual Studio Solution File, Format Version 12.00
# Visual Studio Version 16
VisualStudioVersion = 16.0.31729.503
MinimumVisualStudioVersion = 10.0.40219.1
Project("{FAE04EC0-301F-11D3-BF4B-00C04F79EFBC}") = "Tarea05_Unidad3", "Tarea05_Unidad3\Tarea05_Unidad3.csproj", "{23249F0F-227A-4134-9584-AD86F87983BE}"
EndProject
Global
	GlobalSection(SolutionConfigurationPlatforms) = preSolution
		Debug|Any CPU = Debug|Any CPU
		Release|Any CPU = Release|Any CPU
	EndGlobalSection
	GlobalSection(ProjectConfigurationPlatforms) = postSolution
		{23249F0F-227A-4134-9584-AD86F87983BE}.Debug|Any CPU.ActiveCfg = Debug|Any CPU
		{23249F0F-227A-4134-9584-AD86F87983BE}.Debug|Any CPU.Build.0 = Debug|Any CPU
		{23249F0F-227A-4134-9584-AD86F87983BE}.Release|Any CPU.ActiveCfg = Release|Any CPU
		{23249F0F-227A-4134-9584-AD86F87983BE}.Release|Any CPU.Build.0 = Release|Any CPU
	EndGlobalSection
	GlobalSection(SolutionProperties) = preSolution
		HideSolutionNode = FALSE
	EndGlobalSection
	GlobalSection(ExtensibilityGlobals) = postSolution
		SolutionGuid = {5511184D-CE4D-48D8-9DCB-AF249F3402B6}
	EndGlobalSection
EndGlobal
